<?xml version="1.0" encoding="utf-8"?>
<Project ToolsVersion="4.0" xmlns="http://schemas.microsoft.com/developer/msbuild/2003">
  <ItemGroup>
    <Filter Include="Source Files">
      <UniqueIdentifier>{4FC737F1-C7A5-4376-A066-2A32D752A2FF}</UniqueIdentifier>
      <Extensions>cpp;c;cc;cxx;def;odl;idl;hpj;bat;asm;asmx</Extensions>
    </Filter>
    <Filter Include="Header Files">
      <UniqueIdentifier>{93995380-89BD-4b04-88EB-625FBE52EBFB}</UniqueIdentifier>
      <Extensions>h;hh;hpp;hxx;hm;inl;inc;ipp;xsd</Extensions>
    </Filter>
    <Filter Include="Resource Files">
      <UniqueIdentifier>{67DA6AB6-F800-4c08-8B7A-83BB121AAD01}</UniqueIdentifier>
      <Extensions>rc;ico;cur;bmp;dlg;rc2;rct;bin;rgs;gif;jpg;jpeg;jpe;resx;tiff;tif;png;wav;mfcribbon-ms</Extensions>
    </Filter>
    <Filter Include="Enemies">
      <UniqueIdentifier>{797ad136-53d2-41f5-a064-fb36aa5ca7e0}</UniqueIdentifier>
    </Filter>
    <Filter Include="Drops">
      <UniqueIdentifier>{b3a11256-ec48-4cc4-9f44-5cbb58584531}</UniqueIdentifier>
    </Filter>
    <Filter Include="Commands">
      <UniqueIdentifier>{49e61ac1-5edd-4c9e-a043-12f20ce3fdee}</UniqueIdentifier>
    </Filter>
    <Filter Include="Projectiles">
      <UniqueIdentifier>{9aaae328-c096-430d-8bb2-dae01f4f55f1}</UniqueIdentifier>
    </Filter>
    <Filter Include="Textures">
      <UniqueIdentifier>{0588c766-8272-4af7-93db-937aea0c26b5}</UniqueIdentifier>
    </Filter>
    <Filter Include="Character">
      <UniqueIdentifier>{a43e7d76-585e-4d2c-8bea-b8305cd5d737}</UniqueIdentifier>
    </Filter>
  </ItemGroup>
  <ItemGroup>
    <ClCompile Include="source\SandboxApp.cpp">
      <Filter>Source Files</Filter>
    </ClCompile>
    <ClCompile Include="source\BaseEnemy.cpp">
      <Filter>Enemies</Filter>
    </ClCompile>
    <ClCompile Include="source\Maita.cpp">
      <Filter>Enemies</Filter>
    </ClCompile>
    <ClCompile Include="source\ZenChan.cpp">
      <Filter>Enemies</Filter>
    </ClCompile>
    <ClCompile Include="source\FireCommand.cpp">
      <Filter>Commands</Filter>
    </ClCompile>
    <ClCompile Include="source\EnemyManager.cpp">
      <Filter>Enemies</Filter>
    </ClCompile>
    <ClCompile Include="source\Projectile.cpp">
      <Filter>Projectiles</Filter>
    </ClCompile>
    <ClCompile Include="source\Bubble.cpp">
      <Filter>Projectiles</Filter>
    </ClCompile>
    <ClCompile Include="source\Boulder.cpp">
      <Filter>Projectiles</Filter>
    </ClCompile>
    <ClCompile Include="source\JumpCommand.cpp">
      <Filter>Commands</Filter>
    </ClCompile>
    <ClCompile Include="source\Drop.cpp">
      <Filter>Drops</Filter>
    </ClCompile>
    <ClCompile Include="source\Enums.cpp">
      <Filter>Source Files</Filter>
    </ClCompile>
    <ClCompile Include="source\WalkLeftCommand.cpp">
      <Filter>Commands</Filter>
    </ClCompile>
    <ClCompile Include="source\UnitTexture.cpp">
      <Filter>Textures</Filter>
    </ClCompile>
    <ClCompile Include="source\WalkRightCommand.cpp">
      <Filter>Commands</Filter>
    </ClCompile>
    <ClCompile Include="source\EnemyTexture.cpp">
      <Filter>Textures</Filter>
    </ClCompile>
    <ClCompile Include="source\Character.cpp">
      <Filter>Character</Filter>
    </ClCompile>
    <ClCompile Include="HUD.cpp">
      <Filter>Source Files</Filter>
    </ClCompile>
  </ItemGroup>
  <ItemGroup>
    <ClInclude Include="source\BaseEnemy.h">
      <Filter>Enemies</Filter>
    </ClInclude>
    <ClInclude Include="source\ZenChan.h">
      <Filter>Enemies</Filter>
    </ClInclude>
    <ClInclude Include="source\Maita.h">
      <Filter>Enemies</Filter>
    </ClInclude>
    <ClInclude Include="source\FireCommand.h">
      <Filter>Commands</Filter>
    </ClInclude>
    <ClInclude Include="source\EnemyManager.h">
      <Filter>Enemies</Filter>
    </ClInclude>
    <ClInclude Include="source\Boulder.h">
      <Filter>Projectiles</Filter>
    </ClInclude>
    <ClInclude Include="source\Bubble.h">
      <Filter>Projectiles</Filter>
    </ClInclude>
    <ClInclude Include="source\Projectile.h">
      <Filter>Projectiles</Filter>
    </ClInclude>
    <ClInclude Include="source\JumpCommand.h">
      <Filter>Commands</Filter>
    </ClInclude>
    <ClInclude Include="source\Drop.h">
      <Filter>Drops</Filter>
    </ClInclude>
    <ClInclude Include="source\WalkLeftCommand.h">
      <Filter>Commands</Filter>
    </ClInclude>
    <ClInclude Include="source\UnitTexture.h">
      <Filter>Textures</Filter>
    </ClInclude>
    <ClInclude Include="source\WalkRightCommand.h">
      <Filter>Commands</Filter>
    </ClInclude>
    <ClInclude Include="source\EnemyTexture.h">
      <Filter>Textures</Filter>
    </ClInclude>
    <ClInclude Include="source\Character.h">
      <Filter>Character</Filter>
    </ClInclude>
    <ClInclude Include="source\Enums.h">
      <Filter>Source Files</Filter>
    </ClInclude>
    <ClInclude Include="source\Enemies.h">
      <Filter>Enemies</Filter>
    </ClInclude>
    <ClInclude Include="HUD.h">
      <Filter>Header Files</Filter>
    </ClInclude>
  </ItemGroup>
</Project>