<?xml version="1.0" encoding="utf-8"?>
<Project ToolsVersion="4.0" xmlns="http://schemas.microsoft.com/developer/msbuild/2003">
  <ItemGroup>
    <Filter Include="Source Files">
      <UniqueIdentifier>{4FC737F1-C7A5-4376-A066-2A32D752A2FF}</UniqueIdentifier>
      <Extensions>cpp;c;cc;cxx;def;odl;idl;hpj;bat;asm;asmx</Extensions>
    </Filter>
    <Filter Include="Header Files">
      <UniqueIdentifier>{93995380-89BD-4b04-88EB-625FBE52EBFB}</UniqueIdentifier>
      <Extensions>h;hh;hpp;hxx;hm;inl;inc;xsd</Extensions>
    </Filter>
    <Filter Include="Resource Files">
      <UniqueIdentifier>{67DA6AB6-F800-4c08-8B7A-83BB121AAD01}</UniqueIdentifier>
      <Extensions>rc;ico;cur;bmp;dlg;rc2;rct;bin;rgs;gif;jpg;jpeg;jpe;resx;tiff;tif;png;wav;mfcribbon-ms</Extensions>
    </Filter>
    <Filter Include="Input">
      <UniqueIdentifier>{942f0b55-29bf-4164-b06e-ae686db77da3}</UniqueIdentifier>
    </Filter>
    <Filter Include="GameObjects">
      <UniqueIdentifier>{db8ff9ab-8bdf-4da2-845f-c43ad76f4dce}</UniqueIdentifier>
    </Filter>
    <Filter Include="GameObjects\Components">
      <UniqueIdentifier>{29485562-cd2d-47dc-87ad-1f6e82a89591}</UniqueIdentifier>
    </Filter>
    <Filter Include="Tilemap">
      <UniqueIdentifier>{7fd3dd02-70ef-41de-b132-f3c363f39375}</UniqueIdentifier>
    </Filter>
    <Filter Include="Logging">
      <UniqueIdentifier>{d6806a78-90f1-491c-b100-bce259d2bb77}</UniqueIdentifier>
    </Filter>
    <Filter Include="Core">
      <UniqueIdentifier>{94a9c9c3-fce2-4b7a-ae4f-99baa1f6db4b}</UniqueIdentifier>
    </Filter>
    <Filter Include="Saving">
      <UniqueIdentifier>{c00f0a75-3079-4e18-a304-dc9c69451aaa}</UniqueIdentifier>
    </Filter>
    <Filter Include="Scenes">
      <UniqueIdentifier>{a23317f5-ef27-45a6-ad11-2c70cdf38cac}</UniqueIdentifier>
    </Filter>
    <Filter Include="Textures">
      <UniqueIdentifier>{2160d80a-7c73-49d5-bb9c-80f7bb52c5b8}</UniqueIdentifier>
    </Filter>
    <Filter Include="Code Pattern">
      <UniqueIdentifier>{ecb97da8-b1aa-423f-8eab-596cd0fc9fb3}</UniqueIdentifier>
    </Filter>
    <Filter Include="Command">
      <UniqueIdentifier>{f0c82771-03fd-4030-946a-9297802cc81d}</UniqueIdentifier>
    </Filter>
  </ItemGroup>
  <ItemGroup>
    <ClInclude Include="source\Font.h">
      <Filter>Header Files</Filter>
    </ClInclude>
    <ClInclude Include="source\Singleton.h">
      <Filter>Header Files</Filter>
    </ClInclude>
    <ClInclude Include="source\targetver.h">
      <Filter>Header Files</Filter>
    </ClInclude>
    <ClInclude Include="source\MiniginPCH.h">
      <Filter>Core</Filter>
    </ClInclude>
    <ClInclude Include="source\Core.h">
      <Filter>Core</Filter>
    </ClInclude>
    <ClInclude Include="source\Application.h">
      <Filter>Core</Filter>
    </ClInclude>
    <ClInclude Include="source\InputManager.h">
      <Filter>Input</Filter>
    </ClInclude>
    <ClInclude Include="source\GameObject.h">
      <Filter>GameObjects</Filter>
    </ClInclude>
    <ClInclude Include="source\Transform.h">
      <Filter>GameObjects\Components</Filter>
    </ClInclude>
    <ClInclude Include="source\BaseComponent.h">
      <Filter>GameObjects\Components</Filter>
    </ClInclude>
    <ClInclude Include="source\BaseBlock.h">
      <Filter>Tilemap</Filter>
    </ClInclude>
    <ClInclude Include="source\Tilemap.h">
      <Filter>Tilemap</Filter>
    </ClInclude>
    <ClInclude Include="source\Log.h">
      <Filter>Logging</Filter>
    </ClInclude>
    <ClInclude Include="source\MidestinyEngine.h">
      <Filter>Core</Filter>
    </ClInclude>
    <ClInclude Include="source\Saving.h">
      <Filter>Saving</Filter>
    </ClInclude>
    <ClInclude Include="source\BinaryWriter.h">
      <Filter>Saving</Filter>
    </ClInclude>
    <ClInclude Include="source\BinaryReader.h">
      <Filter>Saving</Filter>
    </ClInclude>
    <ClInclude Include="source\Structs.h">
      <Filter>Core</Filter>
    </ClInclude>
    <ClInclude Include="source\SceneManager.h">
      <Filter>Scenes</Filter>
    </ClInclude>
    <ClInclude Include="source\SceneObject.h">
      <Filter>Scenes</Filter>
    </ClInclude>
    <ClInclude Include="source\Scene.h">
      <Filter>Scenes</Filter>
    </ClInclude>
    <ClInclude Include="source\Texture2D.h">
      <Filter>GameObjects\Components</Filter>
    </ClInclude>
    <ClInclude Include="source\Observer.h">
      <Filter>Header Files</Filter>
    </ClInclude>
    <ClInclude Include="source\BoxCollider.h">
      <Filter>GameObjects\Components</Filter>
    </ClInclude>
    <ClInclude Include="source\ColliderIncludes.h">
      <Filter>GameObjects\Components</Filter>
    </ClInclude>
    <ClInclude Include="source\RigidBody.h">
      <Filter>GameObjects\Components</Filter>
    </ClInclude>
    <ClInclude Include="source\GameTime.h">
      <Filter>Core</Filter>
    </ClInclude>
    <ClInclude Include="source\utils.h">
      <Filter>Core</Filter>
    </ClInclude>
    <ClInclude Include="source\Command.h">
      <Filter>Code Pattern</Filter>
    </ClInclude>
    <ClInclude Include="source\Renderer.h">
      <Filter>Textures</Filter>
    </ClInclude>
    <ClInclude Include="source\ResourceManager.h">
      <Filter>Textures</Filter>
    </ClInclude>
    <ClInclude Include="source\ThreadMaster.h">
      <Filter>Core</Filter>
    </ClInclude>
    <ClInclude Include="source\TextObject.h">
      <Filter>GameObjects</Filter>
    </ClInclude>
    <ClInclude Include="source\Invoker.h">
      <Filter>Code Pattern</Filter>
    </ClInclude>
    <ClInclude Include="source\Vector2f.h">
      <Filter>Core</Filter>
    </ClInclude>
    <ClInclude Include="source\Input.h">
      <Filter>Input</Filter>
    </ClInclude>
    <ClInclude Include="source\Commands.h">
      <Filter>Command</Filter>
    </ClInclude>
    <ClInclude Include="source\FireCommand.h">
      <Filter>Command</Filter>
    </ClInclude>
    <ClInclude Include="source\FunctionCommand.h">
      <Filter>Command</Filter>
    </ClInclude>
  </ItemGroup>
  <ItemGroup>
    <ClCompile Include="source\Font.cpp">
      <Filter>Source Files</Filter>
    </ClCompile>
    <ClCompile Include="source\Texture2DTests.cpp">
      <Filter>Source Files</Filter>
    </ClCompile>
    <ClCompile Include="source\MiniginPCH.cpp">
      <Filter>Core</Filter>
    </ClCompile>
    <ClCompile Include="source\Application.cpp">
      <Filter>Core</Filter>
    </ClCompile>
    <ClCompile Include="source\Main.h">
      <Filter>Core</Filter>
    </ClCompile>
    <ClCompile Include="source\InputManager.cpp">
      <Filter>Input</Filter>
    </ClCompile>
    <ClCompile Include="source\GameObject.cpp">
      <Filter>GameObjects</Filter>
    </ClCompile>
    <ClCompile Include="source\Transform.cpp">
      <Filter>GameObjects\Components</Filter>
    </ClCompile>
    <ClCompile Include="source\BaseComponent.cpp">
      <Filter>GameObjects\Components</Filter>
    </ClCompile>
    <ClCompile Include="source\BaseBlock.cpp">
      <Filter>Tilemap</Filter>
    </ClCompile>
    <ClCompile Include="source\Tilemap.cpp">
      <Filter>Tilemap</Filter>
    </ClCompile>
    <ClCompile Include="source\Log.cpp">
      <Filter>Logging</Filter>
    </ClCompile>
    <ClCompile Include="source\BinaryWriter.cpp">
      <Filter>Saving</Filter>
    </ClCompile>
    <ClCompile Include="source\BinaryReader.cpp">
      <Filter>Saving</Filter>
    </ClCompile>
    <ClCompile Include="source\SceneManager.cpp">
      <Filter>Scenes</Filter>
    </ClCompile>
    <ClCompile Include="source\Scene.cpp">
      <Filter>Scenes</Filter>
    </ClCompile>
    <ClCompile Include="source\Texture2D.cpp">
      <Filter>GameObjects\Components</Filter>
    </ClCompile>
    <ClCompile Include="source\Observer.cpp">
      <Filter>Source Files</Filter>
    </ClCompile>
    <ClCompile Include="source\BoxCollider.cpp">
      <Filter>GameObjects\Components</Filter>
    </ClCompile>
    <ClCompile Include="source\RigidBody.cpp">
      <Filter>GameObjects\Components</Filter>
    </ClCompile>
    <ClCompile Include="source\GameTime.cpp">
      <Filter>Core</Filter>
    </ClCompile>
    <ClCompile Include="source\utils.cpp">
      <Filter>Core</Filter>
    </ClCompile>
    <ClCompile Include="source\Command.cpp">
      <Filter>Code Pattern</Filter>
    </ClCompile>
    <ClCompile Include="source\Renderer.cpp">
      <Filter>Textures</Filter>
    </ClCompile>
    <ClCompile Include="source\ResourceManager.cpp">
      <Filter>Textures</Filter>
    </ClCompile>
    <ClCompile Include="source\ThreadMaster.cpp">
      <Filter>Core</Filter>
    </ClCompile>
    <ClCompile Include="source\TextObject.cpp">
      <Filter>GameObjects</Filter>
    </ClCompile>
    <ClCompile Include="source\SceneObject.cpp">
      <Filter>Source Files</Filter>
    </ClCompile>
    <ClCompile Include="source\Structs.cpp">
      <Filter>Core</Filter>
    </ClCompile>
    <ClCompile Include="source\Vector2f.cpp">
      <Filter>Core</Filter>
    </ClCompile>
  </ItemGroup>
</Project>